// !$*UTF8*$!
{
	archiveVersion = 1;
	classes = {
	};
	objectVersion = 56;
	objects = {

/* Begin PBXBuildFile section */
		485C233E2AF0C54700B6852D /* SplashScreen.swift in Sources */ = {isa = PBXBuildFile; fileRef = 485C233D2AF0C54700B6852D /* SplashScreen.swift */; };
		485C23402AF0D20200B6852D /* WeatherView.swift in Sources */ = {isa = PBXBuildFile; fileRef = 485C233F2AF0D20200B6852D /* WeatherView.swift */; };
		485C23442AF0F9D200B6852D /* ToggleButton.swift in Sources */ = {isa = PBXBuildFile; fileRef = 485C23432AF0F9D200B6852D /* ToggleButton.swift */; };
		48967B022AF0C0C400325093 /* WeatherAppApp.swift in Sources */ = {isa = PBXBuildFile; fileRef = 48967B012AF0C0C400325093 /* WeatherAppApp.swift */; };
		48967B042AF0C0C400325093 /* HomeView.swift in Sources */ = {isa = PBXBuildFile; fileRef = 48967B032AF0C0C400325093 /* HomeView.swift */; };
		48967B062AF0C0C600325093 /* Assets.xcassets in Resources */ = {isa = PBXBuildFile; fileRef = 48967B052AF0C0C600325093 /* Assets.xcassets */; };
		48967B092AF0C0C600325093 /* Preview Assets.xcassets in Resources */ = {isa = PBXBuildFile; fileRef = 48967B082AF0C0C600325093 /* Preview Assets.xcassets */; };
		48B176CA2AF3762F002B8F1F /* HeaderView.swift in Sources */ = {isa = PBXBuildFile; fileRef = 48B176C92AF3762F002B8F1F /* HeaderView.swift */; };
		48B176CC2AF38707002B8F1F /* roboto-family in Resources */ = {isa = PBXBuildFile; fileRef = 48B176CB2AF38707002B8F1F /* roboto-family */; };
		48B176CF2AF3972F002B8F1F /* BottomView.swift in Sources */ = {isa = PBXBuildFile; fileRef = 48B176CE2AF3972F002B8F1F /* BottomView.swift */; };
/* End PBXBuildFile section */

/* Begin PBXFileReference section */
		485C233D2AF0C54700B6852D /* SplashScreen.swift */ = {isa = PBXFileReference; lastKnownFileType = sourcecode.swift; path = SplashScreen.swift; sourceTree = "<group>"; };
		485C233F2AF0D20200B6852D /* WeatherView.swift */ = {isa = PBXFileReference; lastKnownFileType = sourcecode.swift; path = WeatherView.swift; sourceTree = "<group>"; };
		485C23432AF0F9D200B6852D /* ToggleButton.swift */ = {isa = PBXFileReference; lastKnownFileType = sourcecode.swift; path = ToggleButton.swift; sourceTree = "<group>"; };
		48967AFE2AF0C0C400325093 /* WeatherApp.app */ = {isa = PBXFileReference; explicitFileType = wrapper.application; includeInIndex = 0; path = WeatherApp.app; sourceTree = BUILT_PRODUCTS_DIR; };
		48967B012AF0C0C400325093 /* WeatherAppApp.swift */ = {isa = PBXFileReference; lastKnownFileType = sourcecode.swift; path = WeatherAppApp.swift; sourceTree = "<group>"; };
		48967B032AF0C0C400325093 /* HomeView.swift */ = {isa = PBXFileReference; lastKnownFileType = sourcecode.swift; path = HomeView.swift; sourceTree = "<group>"; };
		48967B052AF0C0C600325093 /* Assets.xcassets */ = {isa = PBXFileReference; lastKnownFileType = folder.assetcatalog; path = Assets.xcassets; sourceTree = "<group>"; };
		48967B082AF0C0C600325093 /* Preview Assets.xcassets */ = {isa = PBXFileReference; lastKnownFileType = folder.assetcatalog; path = "Preview Assets.xcassets"; sourceTree = "<group>"; };
		48B176C92AF3762F002B8F1F /* HeaderView.swift */ = {isa = PBXFileReference; lastKnownFileType = sourcecode.swift; path = HeaderView.swift; sourceTree = "<group>"; };
		48B176CB2AF38707002B8F1F /* roboto-family */ = {isa = PBXFileReference; lastKnownFileType = folder; path = "roboto-family"; sourceTree = "<group>"; };
		48B176CE2AF3972F002B8F1F /* BottomView.swift */ = {isa = PBXFileReference; lastKnownFileType = sourcecode.swift; path = BottomView.swift; sourceTree = "<group>"; };
/* End PBXFileReference section */

/* Begin PBXFrameworksBuildPhase section */
		48967AFB2AF0C0C400325093 /* Frameworks */ = {
			isa = PBXFrameworksBuildPhase;
			buildActionMask = 2147483647;
			files = (
			);
			runOnlyForDeploymentPostprocessing = 0;
		};
/* End PBXFrameworksBuildPhase section */

/* Begin PBXGroup section */
		485C23372AF0C47900B6852D /* Model */ = {
			isa = PBXGroup;
			children = (
			);
			path = Model;
			sourceTree = "<group>";
		};
		485C23382AF0C48200B6852D /* ViewModel */ = {
			isa = PBXGroup;
			children = (
			);
			path = ViewModel;
			sourceTree = "<group>";
		};
		485C23392AF0C48D00B6852D /* View */ = {
			isa = PBXGroup;
			children = (
				485C233F2AF0D20200B6852D /* WeatherView.swift */,
				485C23432AF0F9D200B6852D /* ToggleButton.swift */,
				48B176C92AF3762F002B8F1F /* HeaderView.swift */,
				48B176CE2AF3972F002B8F1F /* BottomView.swift */,
			);
			path = View;
			sourceTree = "<group>";
		};
		485C233A2AF0C49300B6852D /* ViewController */ = {
			isa = PBXGroup;
			children = (
				48967B032AF0C0C400325093 /* HomeView.swift */,
				485C233D2AF0C54700B6852D /* SplashScreen.swift */,
			);
			path = ViewController;
			sourceTree = "<group>";
		};
		485C233B2AF0C4A700B6852D /* AppHelpers */ = {
			isa = PBXGroup;
			children = (
				48967B052AF0C0C600325093 /* Assets.xcassets */,
				48B176CB2AF38707002B8F1F /* roboto-family */,
				48967B012AF0C0C400325093 /* WeatherAppApp.swift */,
			);
			path = AppHelpers;
			sourceTree = "<group>";
		};
		485C233C2AF0C4F900B6852D /* Network */ = {
			isa = PBXGroup;
			children = (
			);
			path = Network;
			sourceTree = "<group>";
		};
		48967AF52AF0C0C400325093 = {
			isa = PBXGroup;
			children = (
				48967B002AF0C0C400325093 /* WeatherApp */,
				48967AFF2AF0C0C400325093 /* Products */,
			);
			sourceTree = "<group>";
		};
		48967AFF2AF0C0C400325093 /* Products */ = {
			isa = PBXGroup;
			children = (
				48967AFE2AF0C0C400325093 /* WeatherApp.app */,
			);
			name = Products;
			sourceTree = "<group>";
		};
		48967B002AF0C0C400325093 /* WeatherApp */ = {
			isa = PBXGroup;
			children = (
				485C233C2AF0C4F900B6852D /* Network */,
				485C233B2AF0C4A700B6852D /* AppHelpers */,
				485C233A2AF0C49300B6852D /* ViewController */,
				485C23392AF0C48D00B6852D /* View */,
				485C23382AF0C48200B6852D /* ViewModel */,
				485C23372AF0C47900B6852D /* Model */,
				48967B072AF0C0C600325093 /* Preview Content */,
			);
			path = WeatherApp;
			sourceTree = "<group>";
		};
		48967B072AF0C0C600325093 /* Preview Content */ = {
			isa = PBXGroup;
			children = (
				48967B082AF0C0C600325093 /* Preview Assets.xcassets */,
			);
			path = "Preview Content";
			sourceTree = "<group>";
		};
/* End PBXGroup section */

/* Begin PBXNativeTarget section */
		48967AFD2AF0C0C400325093 /* WeatherApp */ = {
			isa = PBXNativeTarget;
			buildConfigurationList = 48967B0C2AF0C0C600325093 /* Build configuration list for PBXNativeTarget "WeatherApp" */;
			buildPhases = (
				48967AFA2AF0C0C400325093 /* Sources */,
				48967AFB2AF0C0C400325093 /* Frameworks */,
				48967AFC2AF0C0C400325093 /* Resources */,
			);
			buildRules = (
			);
			dependencies = (
			);
			name = WeatherApp;
			productName = WeatherApp;
			productReference = 48967AFE2AF0C0C400325093 /* WeatherApp.app */;
			productType = "com.apple.product-type.application";
		};
/* End PBXNativeTarget section */

/* Begin PBXProject section */
		48967AF62AF0C0C400325093 /* Project object */ = {
			isa = PBXProject;
			attributes = {
				BuildIndependentTargetsInParallel = 1;
				LastSwiftUpdateCheck = 1400;
				LastUpgradeCheck = 1400;
				TargetAttributes = {
					48967AFD2AF0C0C400325093 = {
						CreatedOnToolsVersion = 14.0;
					};
				};
			};
			buildConfigurationList = 48967AF92AF0C0C400325093 /* Build configuration list for PBXProject "WeatherApp" */;
			compatibilityVersion = "Xcode 14.0";
			developmentRegion = en;
			hasScannedForEncodings = 0;
			knownRegions = (
				en,
				Base,
			);
			mainGroup = 48967AF52AF0C0C400325093;
			productRefGroup = 48967AFF2AF0C0C400325093 /* Products */;
			projectDirPath = "";
			projectRoot = "";
			targets = (
				48967AFD2AF0C0C400325093 /* WeatherApp */,
			);
		};
/* End PBXProject section */

/* Begin PBXResourcesBuildPhase section */
		48967AFC2AF0C0C400325093 /* Resources */ = {
			isa = PBXResourcesBuildPhase;
			buildActionMask = 2147483647;
			files = (
				48B176CC2AF38707002B8F1F /* roboto-family in Resources */,
				48967B092AF0C0C600325093 /* Preview Assets.xcassets in Resources */,
				48967B062AF0C0C600325093 /* Assets.xcassets in Resources */,
			);
			runOnlyForDeploymentPostprocessing = 0;
		};
/* End PBXResourcesBuildPhase section */

/* Begin PBXSourcesBuildPhase section */
		48967AFA2AF0C0C400325093 /* Sources */ = {
			isa = PBXSourcesBuildPhase;
			buildActionMask = 2147483647;
			files = (
				485C233E2AF0C54700B6852D /* SplashScreen.swift in Sources */,
				485C23442AF0F9D200B6852D /* ToggleButton.swift in Sources */,
				48967B042AF0C0C400325093 /* HomeView.swift in Sources */,
				48967B022AF0C0C400325093 /* WeatherAppApp.swift in Sources */,
				48B176CF2AF3972F002B8F1F /* BottomView.swift in Sources */,
				48B176CA2AF3762F002B8F1F /* HeaderView.swift in Sources */,
				485C23402AF0D20200B6852D /* WeatherView.swift in Sources */,
			);
			runOnlyForDeploymentPostprocessing = 0;
		};
/* End PBXSourcesBuildPhase section */

/* Begin XCBuildConfiguration section */
		48967B0A2AF0C0C600325093 /* Debug */ = {
			isa = XCBuildConfiguration;
			buildSettings = {
				ALWAYS_SEARCH_USER_PATHS = NO;
				CLANG_ANALYZER_NONNULL = YES;
				CLANG_ANALYZER_NUMBER_OBJECT_CONVERSION = YES_AGGRESSIVE;
				CLANG_CXX_LANGUAGE_STANDARD = "gnu++20";
				CLANG_ENABLE_MODULES = YES;
				CLANG_ENABLE_OBJC_ARC = YES;
				CLANG_ENABLE_OBJC_WEAK = YES;
				CLANG_WARN_BLOCK_CAPTURE_AUTORELEASING = YES;
				CLANG_WARN_BOOL_CONVERSION = YES;
				CLANG_WARN_COMMA = YES;
				CLANG_WARN_CONSTANT_CONVERSION = YES;
				CLANG_WARN_DEPRECATED_OBJC_IMPLEMENTATIONS = YES;
				CLANG_WARN_DIRECT_OBJC_ISA_USAGE = YES_ERROR;
				CLANG_WARN_DOCUMENTATION_COMMENTS = YES;
				CLANG_WARN_EMPTY_BODY = YES;
				CLANG_WARN_ENUM_CONVERSION = YES;
				CLANG_WARN_INFINITE_RECURSION = YES;
				CLANG_WARN_INT_CONVERSION = YES;
				CLANG_WARN_NON_LITERAL_NULL_CONVERSION = YES;
				CLANG_WARN_OBJC_IMPLICIT_RETAIN_SELF = YES;
				CLANG_WARN_OBJC_LITERAL_CONVERSION = YES;
				CLANG_WARN_OBJC_ROOT_CLASS = YES_ERROR;
				CLANG_WARN_QUOTED_INCLUDE_IN_FRAMEWORK_HEADER = YES;
				CLANG_WARN_RANGE_LOOP_ANALYSIS = YES;
				CLANG_WARN_STRICT_PROTOTYPES = YES;
				CLANG_WARN_SUSPICIOUS_MOVE = YES;
				CLANG_WARN_UNGUARDED_AVAILABILITY = YES_AGGRESSIVE;
				CLANG_WARN_UNREACHABLE_CODE = YES;
				CLANG_WARN__DUPLICATE_METHOD_MATCH = YES;
				COPY_PHASE_STRIP = NO;
				DEBUG_INFORMATION_FORMAT = dwarf;
				ENABLE_STRICT_OBJC_MSGSEND = YES;
				ENABLE_TESTABILITY = YES;
				GCC_C_LANGUAGE_STANDARD = gnu11;
				GCC_DYNAMIC_NO_PIC = NO;
				GCC_NO_COMMON_BLOCKS = YES;
				GCC_OPTIMIZATION_LEVEL = 0;
				GCC_PREPROCESSOR_DEFINITIONS = (
					"DEBUG=1",
					"$(inherited)",
				);
				GCC_WARN_64_TO_32_BIT_CONVERSION = YES;
				GCC_WARN_ABOUT_RETURN_TYPE = YES_ERROR;
				GCC_WARN_UNDECLARED_SELECTOR = YES;
				GCC_WARN_UNINITIALIZED_AUTOS = YES_AGGRESSIVE;
				GCC_WARN_UNUSED_FUNCTION = YES;
				GCC_WARN_UNUSED_VARIABLE = YES;
				IPHONEOS_DEPLOYMENT_TARGET = 16.0;
				MTL_ENABLE_DEBUG_INFO = INCLUDE_SOURCE;
				MTL_FAST_MATH = YES;
				ONLY_ACTIVE_ARCH = YES;
				SDKROOT = iphoneos;
				SWIFT_ACTIVE_COMPILATION_CONDITIONS = DEBUG;
				SWIFT_OPTIMIZATION_LEVEL = "-Onone";
			};
			name = Debug;
		};
		48967B0B2AF0C0C600325093 /* Release */ = {
			isa = XCBuildConfiguration;
			buildSettings = {
				ALWAYS_SEARCH_USER_PATHS = NO;
				CLANG_ANALYZER_NONNULL = YES;
				CLANG_ANALYZER_NUMBER_OBJECT_CONVERSION = YES_AGGRESSIVE;
				CLANG_CXX_LANGUAGE_STANDARD = "gnu++20";
				CLANG_ENABLE_MODULES = YES;
				CLANG_ENABLE_OBJC_ARC = YES;
				CLANG_ENABLE_OBJC_WEAK = YES;
				CLANG_WARN_BLOCK_CAPTURE_AUTORELEASING = YES;
				CLANG_WARN_BOOL_CONVERSION = YES;
				CLANG_WARN_COMMA = YES;
				CLANG_WARN_CONSTANT_CONVERSION = YES;
				CLANG_WARN_DEPRECATED_OBJC_IMPLEMENTATIONS = YES;
				CLANG_WARN_DIRECT_OBJC_ISA_USAGE = YES_ERROR;
				CLANG_WARN_DOCUMENTATION_COMMENTS = YES;
				CLANG_WARN_EMPTY_BODY = YES;
				CLANG_WARN_ENUM_CONVERSION = YES;
				CLANG_WARN_INFINITE_RECURSION = YES;
				CLANG_WARN_INT_CONVERSION = YES;
				CLANG_WARN_NON_LITERAL_NULL_CONVERSION = YES;
				CLANG_WARN_OBJC_IMPLICIT_RETAIN_SELF = YES;
				CLANG_WARN_OBJC_LITERAL_CONVERSION = YES;
				CLANG_WARN_OBJC_ROOT_CLASS = YES_ERROR;
				CLANG_WARN_QUOTED_INCLUDE_IN_FRAMEWORK_HEADER = YES;
				CLANG_WARN_RANGE_LOOP_ANALYSIS = YES;
				CLANG_WARN_STRICT_PROTOTYPES = YES;
				CLANG_WARN_SUSPICIOUS_MOVE = YES;
				CLANG_WARN_UNGUARDED_AVAILABILITY = YES_AGGRESSIVE;
				CLANG_WARN_UNREACHABLE_CODE = YES;
				CLANG_WARN__DUPLICATE_METHOD_MATCH = YES;
				COPY_PHASE_STRIP = NO;
				DEBUG_INFORMATION_FORMAT = "dwarf-with-dsym";
				ENABLE_NS_ASSERTIONS = NO;
				ENABLE_STRICT_OBJC_MSGSEND = YES;
				GCC_C_LANGUAGE_STANDARD = gnu11;
				GCC_NO_COMMON_BLOCKS = YES;
				GCC_WARN_64_TO_32_BIT_CONVERSION = YES;
				GCC_WARN_ABOUT_RETURN_TYPE = YES_ERROR;
				GCC_WARN_UNDECLARED_SELECTOR = YES;
				GCC_WARN_UNINITIALIZED_AUTOS = YES_AGGRESSIVE;
				GCC_WARN_UNUSED_FUNCTION = YES;
				GCC_WARN_UNUSED_VARIABLE = YES;
				IPHONEOS_DEPLOYMENT_TARGET = 16.0;
				MTL_ENABLE_DEBUG_INFO = NO;
				MTL_FAST_MATH = YES;
				SDKROOT = iphoneos;
				SWIFT_COMPILATION_MODE = wholemodule;
				SWIFT_OPTIMIZATION_LEVEL = "-O";
				VALIDATE_PRODUCT = YES;
			};
			name = Release;
		};
		48967B0D2AF0C0C600325093 /* Debug */ = {
			isa = XCBuildConfiguration;
			buildSettings = {
				ASSETCATALOG_COMPILER_APPICON_NAME = AppIcon;
				ASSETCATALOG_COMPILER_GLOBAL_ACCENT_COLOR_NAME = AccentColor;
				CODE_SIGN_STYLE = Automatic;
				CURRENT_PROJECT_VERSION = 1;
				DEVELOPMENT_ASSET_PATHS = "\"WeatherApp/Preview Content\"";
				ENABLE_PREVIEWS = YES;
				GENERATE_INFOPLIST_FILE = YES;
				INFOPLIST_KEY_UIApplicationSceneManifest_Generation = YES;
				INFOPLIST_KEY_UIApplicationSupportsIndirectInputEvents = YES;
				INFOPLIST_KEY_UILaunchScreen_Generation = YES;
				INFOPLIST_KEY_UISupportedInterfaceOrientations_iPad = "UIInterfaceOrientationPortrait UIInterfaceOrientationPortraitUpsideDown UIInterfaceOrientationLandscapeLeft UIInterfaceOrientationLandscapeRight";
				INFOPLIST_KEY_UISupportedInterfaceOrientations_iPhone = "UIInterfaceOrientationPortrait UIInterfaceOrientationLandscapeLeft UIInterfaceOrientationLandscapeRight";
				LD_RUNPATH_SEARCH_PATHS = (
					"$(inherited)",
					"@executable_path/Frameworks",
				);
				MARKETING_VERSION = 1.0;
				PRODUCT_BUNDLE_IDENTIFIER = Robosoft.WeatherApp;
				PRODUCT_NAME = "$(TARGET_NAME)";
				SWIFT_EMIT_LOC_STRINGS = YES;
				SWIFT_VERSION = 5.0;
				TARGETED_DEVICE_FAMILY = "1,2";
			};
			name = Debug;
		};
		48967B0E2AF0C0C600325093 /* Release */ = {
			isa = XCBuildConfiguration;
			buildSettings = {
				ASSETCATALOG_COMPILER_APPICON_NAME = AppIcon;
				ASSETCATALOG_COMPILER_GLOBAL_ACCENT_COLOR_NAME = AccentColor;
				CODE_SIGN_STYLE = Automatic;
				CURRENT_PROJECT_VERSION = 1;
				DEVELOPMENT_ASSET_PATHS = "\"WeatherApp/Preview Content\"";
				ENABLE_PREVIEWS = YES;
				GENERATE_INFOPLIST_FILE = YES;
				INFOPLIST_KEY_UIApplicationSceneManifest_Generation = YES;
				INFOPLIST_KEY_UIApplicationSupportsIndirectInputEvents = YES;
				INFOPLIST_KEY_UILaunchScreen_Generation = YES;
				INFOPLIST_KEY_UISupportedInterfaceOrientations_iPad = "UIInterfaceOrientationPortrait UIInterfaceOrientationPortraitUpsideDown UIInterfaceOrientationLandscapeLeft UIInterfaceOrientationLandscapeRight";
				INFOPLIST_KEY_UISupportedInterfaceOrientations_iPhone = "UIInterfaceOrientationPortrait UIInterfaceOrientationLandscapeLeft UIInterfaceOrientationLandscapeRight";
				LD_RUNPATH_SEARCH_PATHS = (
					"$(inherited)",
					"@executable_path/Frameworks",
				);
				MARKETING_VERSION = 1.0;
				PRODUCT_BUNDLE_IDENTIFIER = Robosoft.WeatherApp;
				PRODUCT_NAME = "$(TARGET_NAME)";
				SWIFT_EMIT_LOC_STRINGS = YES;
				SWIFT_VERSION = 5.0;
				TARGETED_DEVICE_FAMILY = "1,2";
			};
			name = Release;
		};
/* End XCBuildConfiguration section */

/* Begin XCConfigurationList section */
		48967AF92AF0C0C400325093 /* Build configuration list for PBXProject "WeatherApp" */ = {
			isa = XCConfigurationList;
			buildConfigurations = (
				48967B0A2AF0C0C600325093 /* Debug */,
				48967B0B2AF0C0C600325093 /* Release */,
			);
			defaultConfigurationIsVisible = 0;
			defaultConfigurationName = Release;
		};
		48967B0C2AF0C0C600325093 /* Build configuration list for PBXNativeTarget "WeatherApp" */ = {
			isa = XCConfigurationList;
			buildConfigurations = (
				48967B0D2AF0C0C600325093 /* Debug */,
				48967B0E2AF0C0C600325093 /* Release */,
			);
			defaultConfigurationIsVisible = 0;
			defaultConfigurationName = Release;
		};
/* End XCConfigurationList section */
	};
	rootObject = 48967AF62AF0C0C400325093 /* Project object */;
}
